
Microsoft Visual Studio Solution File, Format Version 12.00
# Visual Studio Version 17
VisualStudioVersion = 17.1.32210.238
MinimumVisualStudioVersion = 10.0.40219.1
Project("{FAE04EC0-301F-11D3-BF4B-00C04F79EFBC}") = "encapClass 2", "encapClass 2\encapClass 2.csproj", "{AC12672D-463F-46FF-9FB6-CC295AF2A173}"
EndProject
Global
	GlobalSection(SolutionConfigurationPlatforms) = preSolution
		Debug|Any CPU = Debug|Any CPU
		Release|Any CPU = Release|Any CPU
	EndGlobalSection
	GlobalSection(ProjectConfigurationPlatforms) = postSolution
		{AC12672D-463F-46FF-9FB6-CC295AF2A173}.Debug|Any CPU.ActiveCfg = Debug|Any CPU
		{AC12672D-463F-46FF-9FB6-CC295AF2A173}.Debug|Any CPU.Build.0 = Debug|Any CPU
		{AC12672D-463F-46FF-9FB6-CC295AF2A173}.Release|Any CPU.ActiveCfg = Release|Any CPU
		{AC12672D-463F-46FF-9FB6-CC295AF2A173}.Release|Any CPU.Build.0 = Release|Any CPU
	EndGlobalSection
	GlobalSection(SolutionProperties) = preSolution
		HideSolutionNode = FALSE
	EndGlobalSection
	GlobalSection(ExtensibilityGlobals) = postSolution
		SolutionGuid = {F9BB74E0-3FA4-4FCB-90C5-F5AA95658784}
	EndGlobalSection
EndGlobal
