
Microsoft Visual Studio Solution File, Format Version 12.00
# Visual Studio Version 17
VisualStudioVersion = 17.1.32210.238
MinimumVisualStudioVersion = 10.0.40219.1
Project("{FAE04EC0-301F-11D3-BF4B-00C04F79EFBC}") = "parameter addition with class", "parameter addition with class\parameter addition with class.csproj", "{8CA07177-DAA1-41FF-9255-E25DD0928F09}"
EndProject
Global
	GlobalSection(SolutionConfigurationPlatforms) = preSolution
		Debug|Any CPU = Debug|Any CPU
		Release|Any CPU = Release|Any CPU
	EndGlobalSection
	GlobalSection(ProjectConfigurationPlatforms) = postSolution
		{8CA07177-DAA1-41FF-9255-E25DD0928F09}.Debug|Any CPU.ActiveCfg = Debug|Any CPU
		{8CA07177-DAA1-41FF-9255-E25DD0928F09}.Debug|Any CPU.Build.0 = Debug|Any CPU
		{8CA07177-DAA1-41FF-9255-E25DD0928F09}.Release|Any CPU.ActiveCfg = Release|Any CPU
		{8CA07177-DAA1-41FF-9255-E25DD0928F09}.Release|Any CPU.Build.0 = Release|Any CPU
	EndGlobalSection
	GlobalSection(SolutionProperties) = preSolution
		HideSolutionNode = FALSE
	EndGlobalSection
	GlobalSection(ExtensibilityGlobals) = postSolution
		SolutionGuid = {25E95532-C279-407B-B6A6-FA4A8954DC64}
	EndGlobalSection
EndGlobal
