
Microsoft Visual Studio Solution File, Format Version 12.00
# Visual Studio Version 17
VisualStudioVersion = 17.1.32210.238
MinimumVisualStudioVersion = 10.0.40219.1
Project("{FAE04EC0-301F-11D3-BF4B-00C04F79EFBC}") = "excercise 1", "excercise 1\excercise 1.csproj", "{424DBD89-7F48-4D2C-8B0F-5D5C2DE15E43}"
EndProject
Global
	GlobalSection(SolutionConfigurationPlatforms) = preSolution
		Debug|Any CPU = Debug|Any CPU
		Release|Any CPU = Release|Any CPU
	EndGlobalSection
	GlobalSection(ProjectConfigurationPlatforms) = postSolution
		{424DBD89-7F48-4D2C-8B0F-5D5C2DE15E43}.Debug|Any CPU.ActiveCfg = Debug|Any CPU
		{424DBD89-7F48-4D2C-8B0F-5D5C2DE15E43}.Debug|Any CPU.Build.0 = Debug|Any CPU
		{424DBD89-7F48-4D2C-8B0F-5D5C2DE15E43}.Release|Any CPU.ActiveCfg = Release|Any CPU
		{424DBD89-7F48-4D2C-8B0F-5D5C2DE15E43}.Release|Any CPU.Build.0 = Release|Any CPU
	EndGlobalSection
	GlobalSection(SolutionProperties) = preSolution
		HideSolutionNode = FALSE
	EndGlobalSection
	GlobalSection(ExtensibilityGlobals) = postSolution
		SolutionGuid = {9D600749-A1A5-4EB4-9259-AAF8AAA626E0}
	EndGlobalSection
EndGlobal
